
Microsoft Visual Studio Solution File, Format Version 12.00
# Visual Studio Version 16
VisualStudioVersion = 25.0.1705.6
MinimumVisualStudioVersion = 10.0.40219.1
Project("{FAE04EC0-301F-11D3-BF4B-00C04F79EFBC}") = "MovieTickets", "MovieTickets\MovieTickets.csproj", "{0F38014E-A223-4DE0-B8BA-5BCFF1174BB5}"
EndProject
Global
	GlobalSection(SolutionConfigurationPlatforms) = preSolution
		Debug|Any CPU = Debug|Any CPU
		Release|Any CPU = Release|Any CPU
	EndGlobalSection
	GlobalSection(ProjectConfigurationPlatforms) = postSolution
		{0F38014E-A223-4DE0-B8BA-5BCFF1174BB5}.Debug|Any CPU.ActiveCfg = Debug|Any CPU
		{0F38014E-A223-4DE0-B8BA-5BCFF1174BB5}.Debug|Any CPU.Build.0 = Debug|Any CPU
		{0F38014E-A223-4DE0-B8BA-5BCFF1174BB5}.Release|Any CPU.ActiveCfg = Release|Any CPU
		{0F38014E-A223-4DE0-B8BA-5BCFF1174BB5}.Release|Any CPU.Build.0 = Release|Any CPU
	EndGlobalSection
	GlobalSection(SolutionProperties) = preSolution
		HideSolutionNode = FALSE
	EndGlobalSection
	GlobalSection(ExtensibilityGlobals) = postSolution
		SolutionGuid = {D77A9EEC-CEFB-4160-98CB-28B6EC79398D}
	EndGlobalSection
EndGlobal
